
Microsoft Visual Studio Solution File, Format Version 12.00
# Visual Studio Version 17
VisualStudioVersion = 17.13.35806.99 d17.13
MinimumVisualStudioVersion = 10.0.40219.1
Project("{FAE04EC0-301F-11D3-BF4B-00C04F79EFBC}") = "TkvgSubstitutionBot", "TkvgSubstitutionBot\TkvgSubstitutionBot.csproj", "{CF0C27E2-BEBE-45B6-ABEC-86CA01EC5737}"
EndProject
Project("{FAE04EC0-301F-11D3-BF4B-00C04F79EFBC}") = "UnitTests", "UnitTests\UnitTests.csproj", "{924868FC-C543-4112-8B44-0B83E11BF297}"
EndProject
Global
	GlobalSection(SolutionConfigurationPlatforms) = preSolution
		Debug|Any CPU = Debug|Any CPU
		Release|Any CPU = Release|Any CPU
	EndGlobalSection
	GlobalSection(ProjectConfigurationPlatforms) = postSolution
		{CF0C27E2-BEBE-45B6-ABEC-86CA01EC5737}.Debug|Any CPU.ActiveCfg = Debug|Any CPU
		{CF0C27E2-BEBE-45B6-ABEC-86CA01EC5737}.Debug|Any CPU.Build.0 = Debug|Any CPU
		{CF0C27E2-BEBE-45B6-ABEC-86CA01EC5737}.Release|Any CPU.ActiveCfg = Release|Any CPU
		{CF0C27E2-BEBE-45B6-ABEC-86CA01EC5737}.Release|Any CPU.Build.0 = Release|Any CPU
		{924868FC-C543-4112-8B44-0B83E11BF297}.Debug|Any CPU.ActiveCfg = Debug|Any CPU
		{924868FC-C543-4112-8B44-0B83E11BF297}.Debug|Any CPU.Build.0 = Debug|Any CPU
		{924868FC-C543-4112-8B44-0B83E11BF297}.Release|Any CPU.ActiveCfg = Release|Any CPU
		{924868FC-C543-4112-8B44-0B83E11BF297}.Release|Any CPU.Build.0 = Release|Any CPU
	EndGlobalSection
	GlobalSection(SolutionProperties) = preSolution
		HideSolutionNode = FALSE
	EndGlobalSection
	GlobalSection(ExtensibilityGlobals) = postSolution
		SolutionGuid = {D7893B3E-7016-43D4-80B9-2BD637F4E9F3}
	EndGlobalSection
EndGlobal
